// !$*UTF8*$!
{
	archiveVersion = 1;
	classes = {
	};
	objectVersion = 55;
	objects = {

/* Begin PBXBuildFile section */
		0C14FA4126EFEAC700A90C45 /* PHError.swift in Sources */ = {isa = PBXBuildFile; fileRef = 0C14FA4026EFEAC700A90C45 /* PHError.swift */; };
		0C14FA4226EFEAC700A90C45 /* PHError.swift in Sources */ = {isa = PBXBuildFile; fileRef = 0C14FA4026EFEAC700A90C45 /* PHError.swift */; };
		0C14FA4526EFEF3B00A90C45 /* ConfigProvider.swift in Sources */ = {isa = PBXBuildFile; fileRef = 0C14FA4426EFEF3B00A90C45 /* ConfigProvider.swift */; };
		0C14FA4626EFEF3B00A90C45 /* ConfigProvider.swift in Sources */ = {isa = PBXBuildFile; fileRef = 0C14FA4426EFEF3B00A90C45 /* ConfigProvider.swift */; };
		0C14FA4926EFFB2B00A90C45 /* LoadMore.swift in Sources */ = {isa = PBXBuildFile; fileRef = 0C14FA4826EFFB2B00A90C45 /* LoadMore.swift */; };
		0C14FA4A26EFFB2B00A90C45 /* LoadMore.swift in Sources */ = {isa = PBXBuildFile; fileRef = 0C14FA4826EFFB2B00A90C45 /* LoadMore.swift */; };
		0C36F4E426F38C49001635C4 /* PostView.swift in Sources */ = {isa = PBXBuildFile; fileRef = 0C36F4E226F38C49001635C4 /* PostView.swift */; };
		0C36F4E526F38C49001635C4 /* PostView.swift in Sources */ = {isa = PBXBuildFile; fileRef = 0C36F4E226F38C49001635C4 /* PostView.swift */; };
		0C36F4E626F38C49001635C4 /* PostPresenter.swift in Sources */ = {isa = PBXBuildFile; fileRef = 0C36F4E326F38C49001635C4 /* PostPresenter.swift */; };
		0C36F4E726F38C49001635C4 /* PostPresenter.swift in Sources */ = {isa = PBXBuildFile; fileRef = 0C36F4E326F38C49001635C4 /* PostPresenter.swift */; };
		0C393AC226EBBB45008BC246 /* Network.swift in Sources */ = {isa = PBXBuildFile; fileRef = 0C393AC126EBBB45008BC246 /* Network.swift */; };
		0C393AC326EBBB45008BC246 /* Network.swift in Sources */ = {isa = PBXBuildFile; fileRef = 0C393AC126EBBB45008BC246 /* Network.swift */; };
		0C525E9626DC2B1C00487428 /* ProductHuntSwiftUIApp.swift in Sources */ = {isa = PBXBuildFile; fileRef = 0C525E8826DC2B1B00487428 /* ProductHuntSwiftUIApp.swift */; };
		0C525E9726DC2B1C00487428 /* ProductHuntSwiftUIApp.swift in Sources */ = {isa = PBXBuildFile; fileRef = 0C525E8826DC2B1B00487428 /* ProductHuntSwiftUIApp.swift */; };
		0C525E9826DC2B1C00487428 /* ContentView.swift in Sources */ = {isa = PBXBuildFile; fileRef = 0C525E8926DC2B1B00487428 /* ContentView.swift */; };
		0C525E9926DC2B1C00487428 /* ContentView.swift in Sources */ = {isa = PBXBuildFile; fileRef = 0C525E8926DC2B1B00487428 /* ContentView.swift */; };
		0C525E9A26DC2B1C00487428 /* Assets.xcassets in Resources */ = {isa = PBXBuildFile; fileRef = 0C525E8A26DC2B1C00487428 /* Assets.xcassets */; };
		0C525E9B26DC2B1C00487428 /* Assets.xcassets in Resources */ = {isa = PBXBuildFile; fileRef = 0C525E8A26DC2B1C00487428 /* Assets.xcassets */; };
		0C525EBE26DC2D9B00487428 /* Apollo in Frameworks */ = {isa = PBXBuildFile; productRef = 0C525EBD26DC2D9B00487428 /* Apollo */; };
		0C525EC026DC2D9B00487428 /* ApolloAPI in Frameworks */ = {isa = PBXBuildFile; productRef = 0C525EBF26DC2D9B00487428 /* ApolloAPI */; };
		0C525EC226DC2D9B00487428 /* ApolloCodegenLib in Frameworks */ = {isa = PBXBuildFile; productRef = 0C525EC126DC2D9B00487428 /* ApolloCodegenLib */; };
		0C525EC426DC2D9B00487428 /* ApolloSQLite in Frameworks */ = {isa = PBXBuildFile; productRef = 0C525EC326DC2D9B00487428 /* ApolloSQLite */; };
		0C525EC626DC2D9B00487428 /* ApolloUtils in Frameworks */ = {isa = PBXBuildFile; productRef = 0C525EC526DC2D9B00487428 /* ApolloUtils */; };
		0C525EC826DC2D9B00487428 /* ApolloWebSocket in Frameworks */ = {isa = PBXBuildFile; productRef = 0C525EC726DC2D9B00487428 /* ApolloWebSocket */; };
		0C525ECB26DC2DC000487428 /* Apollo in Frameworks */ = {isa = PBXBuildFile; productRef = 0C525ECA26DC2DC000487428 /* Apollo */; };
		0C525ECD26DC2DC000487428 /* ApolloAPI in Frameworks */ = {isa = PBXBuildFile; productRef = 0C525ECC26DC2DC000487428 /* ApolloAPI */; };
		0C525ECF26DC2DC000487428 /* ApolloCodegenLib in Frameworks */ = {isa = PBXBuildFile; productRef = 0C525ECE26DC2DC000487428 /* ApolloCodegenLib */; };
		0C525ED126DC2DC000487428 /* ApolloSQLite in Frameworks */ = {isa = PBXBuildFile; productRef = 0C525ED026DC2DC000487428 /* ApolloSQLite */; };
		0C525ED326DC2DC000487428 /* ApolloUtils in Frameworks */ = {isa = PBXBuildFile; productRef = 0C525ED226DC2DC000487428 /* ApolloUtils */; };
		0C525ED526DC2DC000487428 /* ApolloWebSocket in Frameworks */ = {isa = PBXBuildFile; productRef = 0C525ED426DC2DC000487428 /* ApolloWebSocket */; };
		0C6AA1CD26DFF80A00DA8205 /* PostsFeedPresenter.swift in Sources */ = {isa = PBXBuildFile; fileRef = 0C6AA1CC26DFF80A00DA8205 /* PostsFeedPresenter.swift */; };
		0C6AA1CE26DFF80A00DA8205 /* PostsFeedPresenter.swift in Sources */ = {isa = PBXBuildFile; fileRef = 0C6AA1CC26DFF80A00DA8205 /* PostsFeedPresenter.swift */; };
		0C6AA1D026DFF98300DA8205 /* PostsFeedView.swift in Sources */ = {isa = PBXBuildFile; fileRef = 0C6AA1CF26DFF98300DA8205 /* PostsFeedView.swift */; };
		0C6AA1D126DFF98300DA8205 /* PostsFeedView.swift in Sources */ = {isa = PBXBuildFile; fileRef = 0C6AA1CF26DFF98300DA8205 /* PostsFeedView.swift */; };
		0CAEE88226E6C06700941380 /* Types.graphql.swift in Sources */ = {isa = PBXBuildFile; fileRef = 0CAEE88026E6C06700941380 /* Types.graphql.swift */; };
		0CAEE88326E6C06700941380 /* Types.graphql.swift in Sources */ = {isa = PBXBuildFile; fileRef = 0CAEE88026E6C06700941380 /* Types.graphql.swift */; };
		0CAEE88426E6C06700941380 /* PostsFeed.graphql.swift in Sources */ = {isa = PBXBuildFile; fileRef = 0CAEE88126E6C06700941380 /* PostsFeed.graphql.swift */; };
		0CAEE88526E6C06700941380 /* PostsFeed.graphql.swift in Sources */ = {isa = PBXBuildFile; fileRef = 0CAEE88126E6C06700941380 /* PostsFeed.graphql.swift */; };
		0CB7814926F62F1B0054AA9F /* MediaView.swift in Sources */ = {isa = PBXBuildFile; fileRef = 0CB7814826F62F1A0054AA9F /* MediaView.swift */; };
		0CB7814A26F62F1B0054AA9F /* MediaView.swift in Sources */ = {isa = PBXBuildFile; fileRef = 0CB7814826F62F1A0054AA9F /* MediaView.swift */; };
		0CB7814D26F8817C0054AA9F /* XCDYouTubeKit in Frameworks */ = {isa = PBXBuildFile; productRef = 0CB7814C26F8817C0054AA9F /* XCDYouTubeKit */; };
		0CB7815026F8A6300054AA9F /* XCDYouTubeClient.swift in Sources */ = {isa = PBXBuildFile; fileRef = 0CB7814F26F8A6300054AA9F /* XCDYouTubeClient.swift */; };
		0CB7815126F8A6300054AA9F /* XCDYouTubeClient.swift in Sources */ = {isa = PBXBuildFile; fileRef = 0CB7814F26F8A6300054AA9F /* XCDYouTubeClient.swift */; };
		0CB7815326F8A9EF0054AA9F /* URL.swift in Sources */ = {isa = PBXBuildFile; fileRef = 0CB7815226F8A9EF0054AA9F /* URL.swift */; };
		0CB7815426F8A9EF0054AA9F /* URL.swift in Sources */ = {isa = PBXBuildFile; fileRef = 0CB7815226F8A9EF0054AA9F /* URL.swift */; };
/* End PBXBuildFile section */

/* Begin PBXFileReference section */
		0C14FA4026EFEAC700A90C45 /* PHError.swift */ = {isa = PBXFileReference; lastKnownFileType = sourcecode.swift; path = PHError.swift; sourceTree = "<group>"; };
		0C14FA4426EFEF3B00A90C45 /* ConfigProvider.swift */ = {isa = PBXFileReference; lastKnownFileType = sourcecode.swift; path = ConfigProvider.swift; sourceTree = "<group>"; };
		0C14FA4826EFFB2B00A90C45 /* LoadMore.swift */ = {isa = PBXFileReference; lastKnownFileType = sourcecode.swift; path = LoadMore.swift; sourceTree = "<group>"; };
		0C36F4E226F38C49001635C4 /* PostView.swift */ = {isa = PBXFileReference; fileEncoding = 4; lastKnownFileType = sourcecode.swift; path = PostView.swift; sourceTree = "<group>"; };
		0C36F4E326F38C49001635C4 /* PostPresenter.swift */ = {isa = PBXFileReference; fileEncoding = 4; lastKnownFileType = sourcecode.swift; path = PostPresenter.swift; sourceTree = "<group>"; };
		0C393AC126EBBB45008BC246 /* Network.swift */ = {isa = PBXFileReference; lastKnownFileType = sourcecode.swift; path = Network.swift; sourceTree = "<group>"; };
		0C525E8826DC2B1B00487428 /* ProductHuntSwiftUIApp.swift */ = {isa = PBXFileReference; lastKnownFileType = sourcecode.swift; path = ProductHuntSwiftUIApp.swift; sourceTree = "<group>"; };
		0C525E8926DC2B1B00487428 /* ContentView.swift */ = {isa = PBXFileReference; lastKnownFileType = sourcecode.swift; path = ContentView.swift; sourceTree = "<group>"; };
		0C525E8A26DC2B1C00487428 /* Assets.xcassets */ = {isa = PBXFileReference; lastKnownFileType = folder.assetcatalog; path = Assets.xcassets; sourceTree = "<group>"; };
		0C525E8F26DC2B1C00487428 /* ProductHuntSwiftUI.app */ = {isa = PBXFileReference; explicitFileType = wrapper.application; includeInIndex = 0; path = ProductHuntSwiftUI.app; sourceTree = BUILT_PRODUCTS_DIR; };
		0C525E9526DC2B1C00487428 /* ProductHuntSwiftUI.app */ = {isa = PBXFileReference; explicitFileType = wrapper.application; includeInIndex = 0; path = ProductHuntSwiftUI.app; sourceTree = BUILT_PRODUCTS_DIR; };
		0C6AA1CC26DFF80A00DA8205 /* PostsFeedPresenter.swift */ = {isa = PBXFileReference; lastKnownFileType = sourcecode.swift; path = PostsFeedPresenter.swift; sourceTree = "<group>"; };
		0C6AA1CF26DFF98300DA8205 /* PostsFeedView.swift */ = {isa = PBXFileReference; lastKnownFileType = sourcecode.swift; path = PostsFeedView.swift; sourceTree = "<group>"; };
		0CAEE87926E6BF2C00941380 /* schema.json */ = {isa = PBXFileReference; fileEncoding = 4; lastKnownFileType = text.json; path = schema.json; sourceTree = "<group>"; };
		0CAEE87B26E6BF9200941380 /* PostsFeed.graphql */ = {isa = PBXFileReference; lastKnownFileType = text; path = PostsFeed.graphql; sourceTree = "<group>"; };
		0CAEE88026E6C06700941380 /* Types.graphql.swift */ = {isa = PBXFileReference; fileEncoding = 4; lastKnownFileType = sourcecode.swift; path = Types.graphql.swift; sourceTree = "<group>"; };
		0CAEE88126E6C06700941380 /* PostsFeed.graphql.swift */ = {isa = PBXFileReference; fileEncoding = 4; lastKnownFileType = sourcecode.swift; path = PostsFeed.graphql.swift; sourceTree = "<group>"; };
		0CB7814826F62F1A0054AA9F /* MediaView.swift */ = {isa = PBXFileReference; lastKnownFileType = sourcecode.swift; path = MediaView.swift; sourceTree = "<group>"; };
		0CB7814F26F8A6300054AA9F /* XCDYouTubeClient.swift */ = {isa = PBXFileReference; lastKnownFileType = sourcecode.swift; path = XCDYouTubeClient.swift; sourceTree = "<group>"; };
		0CB7815226F8A9EF0054AA9F /* URL.swift */ = {isa = PBXFileReference; lastKnownFileType = sourcecode.swift; path = URL.swift; sourceTree = "<group>"; };
/* End PBXFileReference section */

/* Begin PBXFrameworksBuildPhase section */
		0C525E8C26DC2B1C00487428 /* Frameworks */ = {
			isa = PBXFrameworksBuildPhase;
			buildActionMask = 2147483647;
			files = (
				0C525EC026DC2D9B00487428 /* ApolloAPI in Frameworks */,
				0C525EC826DC2D9B00487428 /* ApolloWebSocket in Frameworks */,
				0C525EC626DC2D9B00487428 /* ApolloUtils in Frameworks */,
				0CB7814D26F8817C0054AA9F /* XCDYouTubeKit in Frameworks */,
				0C525EC426DC2D9B00487428 /* ApolloSQLite in Frameworks */,
				0C525EC226DC2D9B00487428 /* ApolloCodegenLib in Frameworks */,
				0C525EBE26DC2D9B00487428 /* Apollo in Frameworks */,
			);
			runOnlyForDeploymentPostprocessing = 0;
		};
		0C525E9226DC2B1C00487428 /* Frameworks */ = {
			isa = PBXFrameworksBuildPhase;
			buildActionMask = 2147483647;
			files = (
				0C525ECD26DC2DC000487428 /* ApolloAPI in Frameworks */,
				0C525ED526DC2DC000487428 /* ApolloWebSocket in Frameworks */,
				0C525ED326DC2DC000487428 /* ApolloUtils in Frameworks */,
				0C525ED126DC2DC000487428 /* ApolloSQLite in Frameworks */,
				0C525ECF26DC2DC000487428 /* ApolloCodegenLib in Frameworks */,
				0C525ECB26DC2DC000487428 /* Apollo in Frameworks */,
			);
			runOnlyForDeploymentPostprocessing = 0;
		};
/* End PBXFrameworksBuildPhase section */

/* Begin PBXGroup section */
		0C14FA3F26EFEAB000A90C45 /* Libs */ = {
			isa = PBXGroup;
			children = (
				0C14FA4026EFEAC700A90C45 /* PHError.swift */,
			);
			path = Libs;
			sourceTree = "<group>";
		};
		0C14FA4326EFEF2800A90C45 /* Providers */ = {
			isa = PBXGroup;
			children = (
				0C14FA4426EFEF3B00A90C45 /* ConfigProvider.swift */,
			);
			path = Providers;
			sourceTree = "<group>";
		};
		0C14FA4726EFFB1800A90C45 /* Components */ = {
			isa = PBXGroup;
			children = (
				0C14FA4826EFFB2B00A90C45 /* LoadMore.swift */,
			);
			path = Components;
			sourceTree = "<group>";
		};
		0C36F4E126F38C14001635C4 /* PostView */ = {
			isa = PBXGroup;
			children = (
				0C36F4E326F38C49001635C4 /* PostPresenter.swift */,
				0C36F4E226F38C49001635C4 /* PostView.swift */,
				0CB7814826F62F1A0054AA9F /* MediaView.swift */,
			);
			path = PostView;
			sourceTree = "<group>";
		};
		0C525E8226DC2B1B00487428 = {
			isa = PBXGroup;
			children = (
				0C525E8726DC2B1B00487428 /* Shared */,
				0C525E9026DC2B1C00487428 /* Products */,
				0C525EC926DC2DC000487428 /* Frameworks */,
			);
			sourceTree = "<group>";
		};
		0C525E8726DC2B1B00487428 /* Shared */ = {
			isa = PBXGroup;
			children = (
				0C525E8826DC2B1B00487428 /* ProductHuntSwiftUIApp.swift */,
				0C525E8926DC2B1B00487428 /* ContentView.swift */,
				0C6AA1CB26DFF5DE00DA8205 /* PostsFeedView */,
				0C36F4E126F38C14001635C4 /* PostView */,
				0C6AA1D226DFFD4A00DA8205 /* GraphQL */,
				0C14FA3F26EFEAB000A90C45 /* Libs */,
				0C14FA4326EFEF2800A90C45 /* Providers */,
				0C14FA4726EFFB1800A90C45 /* Components */,
				0CB7814E26F8A61F0054AA9F /* Extensions */,
				0C525E8A26DC2B1C00487428 /* Assets.xcassets */,
			);
			path = Shared;
			sourceTree = "<group>";
		};
		0C525E9026DC2B1C00487428 /* Products */ = {
			isa = PBXGroup;
			children = (
				0C525E8F26DC2B1C00487428 /* ProductHuntSwiftUI.app */,
				0C525E9526DC2B1C00487428 /* ProductHuntSwiftUI.app */,
			);
			name = Products;
			sourceTree = "<group>";
		};
		0C525EC926DC2DC000487428 /* Frameworks */ = {
			isa = PBXGroup;
			children = (
			);
			name = Frameworks;
			sourceTree = "<group>";
		};
		0C6AA1CB26DFF5DE00DA8205 /* PostsFeedView */ = {
			isa = PBXGroup;
			children = (
				0C6AA1CC26DFF80A00DA8205 /* PostsFeedPresenter.swift */,
				0C6AA1CF26DFF98300DA8205 /* PostsFeedView.swift */,
			);
			path = PostsFeedView;
			sourceTree = "<group>";
		};
		0C6AA1D226DFFD4A00DA8205 /* GraphQL */ = {
			isa = PBXGroup;
			children = (
				0CAEE87F26E6C06700941380 /* API */,
				0CAEE87926E6BF2C00941380 /* schema.json */,
				0CAEE87B26E6BF9200941380 /* PostsFeed.graphql */,
				0C393AC126EBBB45008BC246 /* Network.swift */,
			);
			path = GraphQL;
			sourceTree = "<group>";
		};
		0CAEE87F26E6C06700941380 /* API */ = {
			isa = PBXGroup;
			children = (
				0CAEE88026E6C06700941380 /* Types.graphql.swift */,
				0CAEE88126E6C06700941380 /* PostsFeed.graphql.swift */,
			);
			path = API;
			sourceTree = "<group>";
		};
		0CB7814E26F8A61F0054AA9F /* Extensions */ = {
			isa = PBXGroup;
			children = (
				0CB7814F26F8A6300054AA9F /* XCDYouTubeClient.swift */,
				0CB7815226F8A9EF0054AA9F /* URL.swift */,
			);
			path = Extensions;
			sourceTree = "<group>";
		};
/* End PBXGroup section */

/* Begin PBXNativeTarget section */
		0C525E8E26DC2B1C00487428 /* ProductHuntSwiftUI (iOS) */ = {
			isa = PBXNativeTarget;
			buildConfigurationList = 0C525E9E26DC2B1C00487428 /* Build configuration list for PBXNativeTarget "ProductHuntSwiftUI (iOS)" */;
			buildPhases = (
				0CAEE87426E263A900941380 /* Apollo CLI */,
				0C525E8B26DC2B1C00487428 /* Sources */,
				0C525E8C26DC2B1C00487428 /* Frameworks */,
				0C525E8D26DC2B1C00487428 /* Resources */,
			);
			buildRules = (
			);
			dependencies = (
			);
			name = "ProductHuntSwiftUI (iOS)";
			packageProductDependencies = (
				0C525EBD26DC2D9B00487428 /* Apollo */,
				0C525EBF26DC2D9B00487428 /* ApolloAPI */,
				0C525EC126DC2D9B00487428 /* ApolloCodegenLib */,
				0C525EC326DC2D9B00487428 /* ApolloSQLite */,
				0C525EC526DC2D9B00487428 /* ApolloUtils */,
				0C525EC726DC2D9B00487428 /* ApolloWebSocket */,
				0CB7814C26F8817C0054AA9F /* XCDYouTubeKit */,
			);
			productName = "ProductHuntSwiftUI (iOS)";
			productReference = 0C525E8F26DC2B1C00487428 /* ProductHuntSwiftUI.app */;
			productType = "com.apple.product-type.application";
		};
		0C525E9426DC2B1C00487428 /* ProductHuntSwiftUI (macOS) */ = {
			isa = PBXNativeTarget;
			buildConfigurationList = 0C525EA126DC2B1C00487428 /* Build configuration list for PBXNativeTarget "ProductHuntSwiftUI (macOS)" */;
			buildPhases = (
				0C525E9126DC2B1C00487428 /* Sources */,
				0C525E9226DC2B1C00487428 /* Frameworks */,
				0C525E9326DC2B1C00487428 /* Resources */,
			);
			buildRules = (
			);
			dependencies = (
			);
			name = "ProductHuntSwiftUI (macOS)";
			packageProductDependencies = (
				0C525ECA26DC2DC000487428 /* Apollo */,
				0C525ECC26DC2DC000487428 /* ApolloAPI */,
				0C525ECE26DC2DC000487428 /* ApolloCodegenLib */,
				0C525ED026DC2DC000487428 /* ApolloSQLite */,
				0C525ED226DC2DC000487428 /* ApolloUtils */,
				0C525ED426DC2DC000487428 /* ApolloWebSocket */,
			);
			productName = "ProductHuntSwiftUI (macOS)";
			productReference = 0C525E9526DC2B1C00487428 /* ProductHuntSwiftUI.app */;
			productType = "com.apple.product-type.application";
		};
/* End PBXNativeTarget section */

/* Begin PBXProject section */
		0C525E8326DC2B1B00487428 /* Project object */ = {
			isa = PBXProject;
			attributes = {
				BuildIndependentTargetsInParallel = 1;
				LastSwiftUpdateCheck = 1300;
				LastUpgradeCheck = 1300;
				TargetAttributes = {
					0C525E8E26DC2B1C00487428 = {
						CreatedOnToolsVersion = 13.0;
					};
					0C525E9426DC2B1C00487428 = {
						CreatedOnToolsVersion = 13.0;
					};
				};
			};
			buildConfigurationList = 0C525E8626DC2B1B00487428 /* Build configuration list for PBXProject "ProductHuntSwiftUI" */;
			compatibilityVersion = "Xcode 13.0";
			developmentRegion = en;
			hasScannedForEncodings = 0;
			knownRegions = (
				en,
				Base,
			);
			mainGroup = 0C525E8226DC2B1B00487428;
			packageReferences = (
				0C525EBC26DC2D9B00487428 /* XCRemoteSwiftPackageReference "apollo-ios" */,
				0CB7814B26F8817C0054AA9F /* XCRemoteSwiftPackageReference "XCDYouTubeKit" */,
			);
			productRefGroup = 0C525E9026DC2B1C00487428 /* Products */;
			projectDirPath = "";
			projectRoot = "";
			targets = (
				0C525E8E26DC2B1C00487428 /* ProductHuntSwiftUI (iOS) */,
				0C525E9426DC2B1C00487428 /* ProductHuntSwiftUI (macOS) */,
			);
		};
/* End PBXProject section */

/* Begin PBXResourcesBuildPhase section */
		0C525E8D26DC2B1C00487428 /* Resources */ = {
			isa = PBXResourcesBuildPhase;
			buildActionMask = 2147483647;
			files = (
				0C525E9A26DC2B1C00487428 /* Assets.xcassets in Resources */,
			);
			runOnlyForDeploymentPostprocessing = 0;
		};
		0C525E9326DC2B1C00487428 /* Resources */ = {
			isa = PBXResourcesBuildPhase;
			buildActionMask = 2147483647;
			files = (
				0C525E9B26DC2B1C00487428 /* Assets.xcassets in Resources */,
			);
			runOnlyForDeploymentPostprocessing = 0;
		};
/* End PBXResourcesBuildPhase section */

/* Begin PBXShellScriptBuildPhase section */
		0CAEE87426E263A900941380 /* Apollo CLI */ = {
			isa = PBXShellScriptBuildPhase;
			buildActionMask = 2147483647;
			files = (
			);
			inputFileListPaths = (
			);
			inputPaths = (
			);
			name = "Apollo CLI";
			outputFileListPaths = (
			);
			outputPaths = (
			);
			runOnlyForDeploymentPostprocessing = 0;
			shellPath = /bin/sh;
			shellScript = "# Go to the build root and search up the chain to find the Derived Data Path where the source packages are checked out.\nDERIVED_DATA_CANDIDATE=\"${BUILD_ROOT}\"\n\nwhile ! [ -d \"${DERIVED_DATA_CANDIDATE}/SourcePackages\" ]; do\n  if [ \"${DERIVED_DATA_CANDIDATE}\" = / ]; then\n    echo >&2 \"error: Unable to locate SourcePackages directory from BUILD_ROOT: '${BUILD_ROOT}'\"\n    exit 1\n  fi\n\n  DERIVED_DATA_CANDIDATE=\"$(dirname \"${DERIVED_DATA_CANDIDATE}\")\"\ndone\n\n# Grab a reference to the directory where scripts are checked out\nSCRIPT_PATH=\"${DERIVED_DATA_CANDIDATE}/SourcePackages/checkouts/apollo-ios/scripts\"\n\nif [ -z \"${SCRIPT_PATH}\" ]; then\n    echo >&2 \"error: Couldn't find the CLI script in your checked out SPM packages; make sure to add the framework to your project.\"\n    exit 1\nfi\n\ncd \"${SRCROOT}/Shared\"\n\"${SCRIPT_PATH}\"/run-bundled-codegen.sh codegen:generate --target=swift --includes=./**/*.graphql --localSchemaFile=\"GraphQL/schema.json\" GraphQL/API\n";
		};
/* End PBXShellScriptBuildPhase section */

/* Begin PBXSourcesBuildPhase section */
		0C525E8B26DC2B1C00487428 /* Sources */ = {
			isa = PBXSourcesBuildPhase;
			buildActionMask = 2147483647;
			files = (
				0CAEE88226E6C06700941380 /* Types.graphql.swift in Sources */,
				0C525E9826DC2B1C00487428 /* ContentView.swift in Sources */,
				0C14FA4926EFFB2B00A90C45 /* LoadMore.swift in Sources */,
				0C14FA4126EFEAC700A90C45 /* PHError.swift in Sources */,
				0CB7815026F8A6300054AA9F /* XCDYouTubeClient.swift in Sources */,
				0CB7815326F8A9EF0054AA9F /* URL.swift in Sources */,
				0C36F4E626F38C49001635C4 /* PostPresenter.swift in Sources */,
				0C6AA1CD26DFF80A00DA8205 /* PostsFeedPresenter.swift in Sources */,
				0C6AA1D026DFF98300DA8205 /* PostsFeedView.swift in Sources */,
				0CB7814926F62F1B0054AA9F /* MediaView.swift in Sources */,
				0CAEE88426E6C06700941380 /* PostsFeed.graphql.swift in Sources */,
				0C36F4E426F38C49001635C4 /* PostView.swift in Sources */,
				0C14FA4526EFEF3B00A90C45 /* ConfigProvider.swift in Sources */,
				0C393AC226EBBB45008BC246 /* Network.swift in Sources */,
				0C525E9626DC2B1C00487428 /* ProductHuntSwiftUIApp.swift in Sources */,
			);
			runOnlyForDeploymentPostprocessing = 0;
		};
		0C525E9126DC2B1C00487428 /* Sources */ = {
			isa = PBXSourcesBuildPhase;
			buildActionMask = 2147483647;
			files = (
				0CAEE88326E6C06700941380 /* Types.graphql.swift in Sources */,
				0C525E9926DC2B1C00487428 /* ContentView.swift in Sources */,
				0C14FA4A26EFFB2B00A90C45 /* LoadMore.swift in Sources */,
				0C14FA4226EFEAC700A90C45 /* PHError.swift in Sources */,
				0CB7815126F8A6300054AA9F /* XCDYouTubeClient.swift in Sources */,
				0CB7815426F8A9EF0054AA9F /* URL.swift in Sources */,
				0C36F4E726F38C49001635C4 /* PostPresenter.swift in Sources */,
				0C6AA1CE26DFF80A00DA8205 /* PostsFeedPresenter.swift in Sources */,
				0C6AA1D126DFF98300DA8205 /* PostsFeedView.swift in Sources */,
				0CB7814A26F62F1B0054AA9F /* MediaView.swift in Sources */,
				0CAEE88526E6C06700941380 /* PostsFeed.graphql.swift in Sources */,
				0C36F4E526F38C49001635C4 /* PostView.swift in Sources */,
				0C14FA4626EFEF3B00A90C45 /* ConfigProvider.swift in Sources */,
				0C393AC326EBBB45008BC246 /* Network.swift in Sources */,
				0C525E9726DC2B1C00487428 /* ProductHuntSwiftUIApp.swift in Sources */,
			);
			runOnlyForDeploymentPostprocessing = 0;
		};
/* End PBXSourcesBuildPhase section */

/* Begin XCBuildConfiguration section */
		0C525E9C26DC2B1C00487428 /* Debug */ = {
			isa = XCBuildConfiguration;
			buildSettings = {
				ALWAYS_SEARCH_USER_PATHS = NO;
				CLANG_ANALYZER_NONNULL = YES;
				CLANG_ANALYZER_NUMBER_OBJECT_CONVERSION = YES_AGGRESSIVE;
				CLANG_CXX_LANGUAGE_STANDARD = "gnu++17";
				CLANG_CXX_LIBRARY = "libc++";
				CLANG_ENABLE_MODULES = YES;
				CLANG_ENABLE_OBJC_ARC = YES;
				CLANG_ENABLE_OBJC_WEAK = YES;
				CLANG_WARN_BLOCK_CAPTURE_AUTORELEASING = YES;
				CLANG_WARN_BOOL_CONVERSION = YES;
				CLANG_WARN_COMMA = YES;
				CLANG_WARN_CONSTANT_CONVERSION = YES;
				CLANG_WARN_DEPRECATED_OBJC_IMPLEMENTATIONS = YES;
				CLANG_WARN_DIRECT_OBJC_ISA_USAGE = YES_ERROR;
				CLANG_WARN_DOCUMENTATION_COMMENTS = YES;
				CLANG_WARN_EMPTY_BODY = YES;
				CLANG_WARN_ENUM_CONVERSION = YES;
				CLANG_WARN_INFINITE_RECURSION = YES;
				CLANG_WARN_INT_CONVERSION = YES;
				CLANG_WARN_NON_LITERAL_NULL_CONVERSION = YES;
				CLANG_WARN_OBJC_IMPLICIT_RETAIN_SELF = YES;
				CLANG_WARN_OBJC_LITERAL_CONVERSION = YES;
				CLANG_WARN_OBJC_ROOT_CLASS = YES_ERROR;
				CLANG_WARN_QUOTED_INCLUDE_IN_FRAMEWORK_HEADER = YES;
				CLANG_WARN_RANGE_LOOP_ANALYSIS = YES;
				CLANG_WARN_STRICT_PROTOTYPES = YES;
				CLANG_WARN_SUSPICIOUS_MOVE = YES;
				CLANG_WARN_UNGUARDED_AVAILABILITY = YES_AGGRESSIVE;
				CLANG_WARN_UNREACHABLE_CODE = YES;
				CLANG_WARN__DUPLICATE_METHOD_MATCH = YES;
				COPY_PHASE_STRIP = NO;
				DEBUG_INFORMATION_FORMAT = dwarf;
				ENABLE_STRICT_OBJC_MSGSEND = YES;
				ENABLE_TESTABILITY = YES;
				GCC_C_LANGUAGE_STANDARD = gnu11;
				GCC_DYNAMIC_NO_PIC = NO;
				GCC_NO_COMMON_BLOCKS = YES;
				GCC_OPTIMIZATION_LEVEL = 0;
				GCC_PREPROCESSOR_DEFINITIONS = (
					"DEBUG=1",
					"$(inherited)",
				);
				GCC_WARN_64_TO_32_BIT_CONVERSION = YES;
				GCC_WARN_ABOUT_RETURN_TYPE = YES_ERROR;
				GCC_WARN_UNDECLARED_SELECTOR = YES;
				GCC_WARN_UNINITIALIZED_AUTOS = YES_AGGRESSIVE;
				GCC_WARN_UNUSED_FUNCTION = YES;
				GCC_WARN_UNUSED_VARIABLE = YES;
				IPHONEOS_DEPLOYMENT_TARGET = 15.0;
				MACOSX_DEPLOYMENT_TARGET = 12.0;
				MTL_ENABLE_DEBUG_INFO = INCLUDE_SOURCE;
				MTL_FAST_MATH = YES;
				ONLY_ACTIVE_ARCH = YES;
				SWIFT_ACTIVE_COMPILATION_CONDITIONS = DEBUG;
				SWIFT_OPTIMIZATION_LEVEL = "-Onone";
			};
			name = Debug;
		};
		0C525E9D26DC2B1C00487428 /* Release */ = {
			isa = XCBuildConfiguration;
			buildSettings = {
				ALWAYS_SEARCH_USER_PATHS = NO;
				CLANG_ANALYZER_NONNULL = YES;
				CLANG_ANALYZER_NUMBER_OBJECT_CONVERSION = YES_AGGRESSIVE;
				CLANG_CXX_LANGUAGE_STANDARD = "gnu++17";
				CLANG_CXX_LIBRARY = "libc++";
				CLANG_ENABLE_MODULES = YES;
				CLANG_ENABLE_OBJC_ARC = YES;
				CLANG_ENABLE_OBJC_WEAK = YES;
				CLANG_WARN_BLOCK_CAPTURE_AUTORELEASING = YES;
				CLANG_WARN_BOOL_CONVERSION = YES;
				CLANG_WARN_COMMA = YES;
				CLANG_WARN_CONSTANT_CONVERSION = YES;
				CLANG_WARN_DEPRECATED_OBJC_IMPLEMENTATIONS = YES;
				CLANG_WARN_DIRECT_OBJC_ISA_USAGE = YES_ERROR;
				CLANG_WARN_DOCUMENTATION_COMMENTS = YES;
				CLANG_WARN_EMPTY_BODY = YES;
				CLANG_WARN_ENUM_CONVERSION = YES;
				CLANG_WARN_INFINITE_RECURSION = YES;
				CLANG_WARN_INT_CONVERSION = YES;
				CLANG_WARN_NON_LITERAL_NULL_CONVERSION = YES;
				CLANG_WARN_OBJC_IMPLICIT_RETAIN_SELF = YES;
				CLANG_WARN_OBJC_LITERAL_CONVERSION = YES;
				CLANG_WARN_OBJC_ROOT_CLASS = YES_ERROR;
				CLANG_WARN_QUOTED_INCLUDE_IN_FRAMEWORK_HEADER = YES;
				CLANG_WARN_RANGE_LOOP_ANALYSIS = YES;
				CLANG_WARN_STRICT_PROTOTYPES = YES;
				CLANG_WARN_SUSPICIOUS_MOVE = YES;
				CLANG_WARN_UNGUARDED_AVAILABILITY = YES_AGGRESSIVE;
				CLANG_WARN_UNREACHABLE_CODE = YES;
				CLANG_WARN__DUPLICATE_METHOD_MATCH = YES;
				COPY_PHASE_STRIP = NO;
				DEBUG_INFORMATION_FORMAT = "dwarf-with-dsym";
				ENABLE_NS_ASSERTIONS = NO;
				ENABLE_STRICT_OBJC_MSGSEND = YES;
				GCC_C_LANGUAGE_STANDARD = gnu11;
				GCC_NO_COMMON_BLOCKS = YES;
				GCC_WARN_64_TO_32_BIT_CONVERSION = YES;
				GCC_WARN_ABOUT_RETURN_TYPE = YES_ERROR;
				GCC_WARN_UNDECLARED_SELECTOR = YES;
				GCC_WARN_UNINITIALIZED_AUTOS = YES_AGGRESSIVE;
				GCC_WARN_UNUSED_FUNCTION = YES;
				GCC_WARN_UNUSED_VARIABLE = YES;
				IPHONEOS_DEPLOYMENT_TARGET = 15.0;
				MACOSX_DEPLOYMENT_TARGET = 12.0;
				MTL_ENABLE_DEBUG_INFO = NO;
				MTL_FAST_MATH = YES;
				SWIFT_COMPILATION_MODE = wholemodule;
				SWIFT_OPTIMIZATION_LEVEL = "-O";
			};
			name = Release;
		};
		0C525E9F26DC2B1C00487428 /* Debug */ = {
			isa = XCBuildConfiguration;
			buildSettings = {
				ASSETCATALOG_COMPILER_APPICON_NAME = AppIcon;
				ASSETCATALOG_COMPILER_GLOBAL_ACCENT_COLOR_NAME = AccentColor;
				CODE_SIGN_STYLE = Automatic;
				CURRENT_PROJECT_VERSION = 1;
				DEVELOPMENT_TEAM = 6MQQKQWNJ3;
				ENABLE_PREVIEWS = YES;
				GENERATE_INFOPLIST_FILE = YES;
				INFOPLIST_KEY_UIApplicationSceneManifest_Generation = YES;
				INFOPLIST_KEY_UIApplicationSupportsIndirectInputEvents = YES;
				INFOPLIST_KEY_UILaunchScreen_Generation = YES;
				INFOPLIST_KEY_UISupportedInterfaceOrientations_iPad = "UIInterfaceOrientationPortrait UIInterfaceOrientationPortraitUpsideDown UIInterfaceOrientationLandscapeLeft UIInterfaceOrientationLandscapeRight";
				INFOPLIST_KEY_UISupportedInterfaceOrientations_iPhone = "UIInterfaceOrientationPortrait UIInterfaceOrientationLandscapeLeft UIInterfaceOrientationLandscapeRight";
				IPHONEOS_DEPLOYMENT_TARGET = 15.0;
				LD_RUNPATH_SEARCH_PATHS = (
					"$(inherited)",
					"@executable_path/Frameworks",
				);
				MARKETING_VERSION = 1.0;
				PRODUCT_BUNDLE_IDENTIFIER = eu.firstsecond.ProductHuntSwiftUI;
				PRODUCT_NAME = ProductHuntSwiftUI;
				SDKROOT = iphoneos;
				SWIFT_EMIT_LOC_STRINGS = YES;
				SWIFT_VERSION = 5.0;
				TARGETED_DEVICE_FAMILY = "1,2";
			};
			name = Debug;
		};
		0C525EA026DC2B1C00487428 /* Release */ = {
			isa = XCBuildConfiguration;
			buildSettings = {
				ASSETCATALOG_COMPILER_APPICON_NAME = AppIcon;
				ASSETCATALOG_COMPILER_GLOBAL_ACCENT_COLOR_NAME = AccentColor;
				CODE_SIGN_STYLE = Automatic;
				CURRENT_PROJECT_VERSION = 1;
				DEVELOPMENT_TEAM = 6MQQKQWNJ3;
				ENABLE_PREVIEWS = YES;
				GENERATE_INFOPLIST_FILE = YES;
				INFOPLIST_KEY_UIApplicationSceneManifest_Generation = YES;
				INFOPLIST_KEY_UIApplicationSupportsIndirectInputEvents = YES;
				INFOPLIST_KEY_UILaunchScreen_Generation = YES;
				INFOPLIST_KEY_UISupportedInterfaceOrientations_iPad = "UIInterfaceOrientationPortrait UIInterfaceOrientationPortraitUpsideDown UIInterfaceOrientationLandscapeLeft UIInterfaceOrientationLandscapeRight";
				INFOPLIST_KEY_UISupportedInterfaceOrientations_iPhone = "UIInterfaceOrientationPortrait UIInterfaceOrientationLandscapeLeft UIInterfaceOrientationLandscapeRight";
				IPHONEOS_DEPLOYMENT_TARGET = 15.0;
				LD_RUNPATH_SEARCH_PATHS = (
					"$(inherited)",
					"@executable_path/Frameworks",
				);
				MARKETING_VERSION = 1.0;
				PRODUCT_BUNDLE_IDENTIFIER = eu.firstsecond.ProductHuntSwiftUI;
				PRODUCT_NAME = ProductHuntSwiftUI;
				SDKROOT = iphoneos;
				SWIFT_EMIT_LOC_STRINGS = YES;
				SWIFT_VERSION = 5.0;
				TARGETED_DEVICE_FAMILY = "1,2";
				VALIDATE_PRODUCT = YES;
			};
			name = Release;
		};
		0C525EA226DC2B1C00487428 /* Debug */ = {
			isa = XCBuildConfiguration;
			buildSettings = {
				ASSETCATALOG_COMPILER_APPICON_NAME = AppIcon;
				ASSETCATALOG_COMPILER_GLOBAL_ACCENT_COLOR_NAME = AccentColor;
				CODE_SIGN_STYLE = Automatic;
				COMBINE_HIDPI_IMAGES = YES;
				CURRENT_PROJECT_VERSION = 1;
				DEVELOPMENT_TEAM = 6MQQKQWNJ3;
				ENABLE_APP_SANDBOX = YES;
				ENABLE_HARDENED_RUNTIME = YES;
				ENABLE_PREVIEWS = YES;
				ENABLE_USER_SELECTED_FILES = readonly;
				GENERATE_INFOPLIST_FILE = YES;
				INFOPLIST_KEY_NSHumanReadableCopyright = "";
				LD_RUNPATH_SEARCH_PATHS = (
					"$(inherited)",
					"@executable_path/../Frameworks",
				);
				MACOSX_DEPLOYMENT_TARGET = 11.0;
				MARKETING_VERSION = 1.0;
				PRODUCT_BUNDLE_IDENTIFIER = eu.firstsecond.ProductHuntSwiftUI;
				PRODUCT_NAME = ProductHuntSwiftUI;
				SDKROOT = macosx;
				SWIFT_EMIT_LOC_STRINGS = YES;
				SWIFT_VERSION = 5.0;
			};
			name = Debug;
		};
		0C525EA326DC2B1C00487428 /* Release */ = {
			isa = XCBuildConfiguration;
			buildSettings = {
				ASSETCATALOG_COMPILER_APPICON_NAME = AppIcon;
				ASSETCATALOG_COMPILER_GLOBAL_ACCENT_COLOR_NAME = AccentColor;
				CODE_SIGN_STYLE = Automatic;
				COMBINE_HIDPI_IMAGES = YES;
				CURRENT_PROJECT_VERSION = 1;
				DEVELOPMENT_TEAM = 6MQQKQWNJ3;
				ENABLE_APP_SANDBOX = YES;
				ENABLE_HARDENED_RUNTIME = YES;
				ENABLE_PREVIEWS = YES;
				ENABLE_USER_SELECTED_FILES = readonly;
				GENERATE_INFOPLIST_FILE = YES;
				INFOPLIST_KEY_NSHumanReadableCopyright = "";
				LD_RUNPATH_SEARCH_PATHS = (
					"$(inherited)",
					"@executable_path/../Frameworks",
				);
				MACOSX_DEPLOYMENT_TARGET = 11.0;
				MARKETING_VERSION = 1.0;
				PRODUCT_BUNDLE_IDENTIFIER = eu.firstsecond.ProductHuntSwiftUI;
				PRODUCT_NAME = ProductHuntSwiftUI;
				SDKROOT = macosx;
				SWIFT_EMIT_LOC_STRINGS = YES;
				SWIFT_VERSION = 5.0;
			};
			name = Release;
		};
/* End XCBuildConfiguration section */

/* Begin XCConfigurationList section */
		0C525E8626DC2B1B00487428 /* Build configuration list for PBXProject "ProductHuntSwiftUI" */ = {
			isa = XCConfigurationList;
			buildConfigurations = (
				0C525E9C26DC2B1C00487428 /* Debug */,
				0C525E9D26DC2B1C00487428 /* Release */,
			);
			defaultConfigurationIsVisible = 0;
			defaultConfigurationName = Release;
		};
		0C525E9E26DC2B1C00487428 /* Build configuration list for PBXNativeTarget "ProductHuntSwiftUI (iOS)" */ = {
			isa = XCConfigurationList;
			buildConfigurations = (
				0C525E9F26DC2B1C00487428 /* Debug */,
				0C525EA026DC2B1C00487428 /* Release */,
			);
			defaultConfigurationIsVisible = 0;
			defaultConfigurationName = Release;
		};
		0C525EA126DC2B1C00487428 /* Build configuration list for PBXNativeTarget "ProductHuntSwiftUI (macOS)" */ = {
			isa = XCConfigurationList;
			buildConfigurations = (
				0C525EA226DC2B1C00487428 /* Debug */,
				0C525EA326DC2B1C00487428 /* Release */,
			);
			defaultConfigurationIsVisible = 0;
			defaultConfigurationName = Release;
		};
/* End XCConfigurationList section */

/* Begin XCRemoteSwiftPackageReference section */
		0C525EBC26DC2D9B00487428 /* XCRemoteSwiftPackageReference "apollo-ios" */ = {
			isa = XCRemoteSwiftPackageReference;
			repositoryURL = "https://github.com/apollographql/apollo-ios.git";
			requirement = {
				branch = main;
				kind = branch;
			};
		};
		0CB7814B26F8817C0054AA9F /* XCRemoteSwiftPackageReference "XCDYouTubeKit" */ = {
			isa = XCRemoteSwiftPackageReference;
			repositoryURL = "https://github.com/0xced/XCDYouTubeKit.git";
			requirement = {
				kind = upToNextMajorVersion;
				minimumVersion = 2.0.0;
			};
		};
/* End XCRemoteSwiftPackageReference section */

/* Begin XCSwiftPackageProductDependency section */
		0C525EBD26DC2D9B00487428 /* Apollo */ = {
			isa = XCSwiftPackageProductDependency;
			package = 0C525EBC26DC2D9B00487428 /* XCRemoteSwiftPackageReference "apollo-ios" */;
			productName = Apollo;
		};
		0C525EBF26DC2D9B00487428 /* ApolloAPI */ = {
			isa = XCSwiftPackageProductDependency;
			package = 0C525EBC26DC2D9B00487428 /* XCRemoteSwiftPackageReference "apollo-ios" */;
			productName = ApolloAPI;
		};
		0C525EC126DC2D9B00487428 /* ApolloCodegenLib */ = {
			isa = XCSwiftPackageProductDependency;
			package = 0C525EBC26DC2D9B00487428 /* XCRemoteSwiftPackageReference "apollo-ios" */;
			productName = ApolloCodegenLib;
		};
		0C525EC326DC2D9B00487428 /* ApolloSQLite */ = {
			isa = XCSwiftPackageProductDependency;
			package = 0C525EBC26DC2D9B00487428 /* XCRemoteSwiftPackageReference "apollo-ios" */;
			productName = ApolloSQLite;
		};
		0C525EC526DC2D9B00487428 /* ApolloUtils */ = {
			isa = XCSwiftPackageProductDependency;
			package = 0C525EBC26DC2D9B00487428 /* XCRemoteSwiftPackageReference "apollo-ios" */;
			productName = ApolloUtils;
		};
		0C525EC726DC2D9B00487428 /* ApolloWebSocket */ = {
			isa = XCSwiftPackageProductDependency;
			package = 0C525EBC26DC2D9B00487428 /* XCRemoteSwiftPackageReference "apollo-ios" */;
			productName = ApolloWebSocket;
		};
		0C525ECA26DC2DC000487428 /* Apollo */ = {
			isa = XCSwiftPackageProductDependency;
			package = 0C525EBC26DC2D9B00487428 /* XCRemoteSwiftPackageReference "apollo-ios" */;
			productName = Apollo;
		};
		0C525ECC26DC2DC000487428 /* ApolloAPI */ = {
			isa = XCSwiftPackageProductDependency;
			package = 0C525EBC26DC2D9B00487428 /* XCRemoteSwiftPackageReference "apollo-ios" */;
			productName = ApolloAPI;
		};
		0C525ECE26DC2DC000487428 /* ApolloCodegenLib */ = {
			isa = XCSwiftPackageProductDependency;
			package = 0C525EBC26DC2D9B00487428 /* XCRemoteSwiftPackageReference "apollo-ios" */;
			productName = ApolloCodegenLib;
		};
		0C525ED026DC2DC000487428 /* ApolloSQLite */ = {
			isa = XCSwiftPackageProductDependency;
			package = 0C525EBC26DC2D9B00487428 /* XCRemoteSwiftPackageReference "apollo-ios" */;
			productName = ApolloSQLite;
		};
		0C525ED226DC2DC000487428 /* ApolloUtils */ = {
			isa = XCSwiftPackageProductDependency;
			package = 0C525EBC26DC2D9B00487428 /* XCRemoteSwiftPackageReference "apollo-ios" */;
			productName = ApolloUtils;
		};
		0C525ED426DC2DC000487428 /* ApolloWebSocket */ = {
			isa = XCSwiftPackageProductDependency;
			package = 0C525EBC26DC2D9B00487428 /* XCRemoteSwiftPackageReference "apollo-ios" */;
			productName = ApolloWebSocket;
		};
		0CB7814C26F8817C0054AA9F /* XCDYouTubeKit */ = {
			isa = XCSwiftPackageProductDependency;
			package = 0CB7814B26F8817C0054AA9F /* XCRemoteSwiftPackageReference "XCDYouTubeKit" */;
			productName = XCDYouTubeKit;
		};
/* End XCSwiftPackageProductDependency section */
	};
	rootObject = 0C525E8326DC2B1B00487428 /* Project object */;
}
